// !$*UTF8*$!
{
	archiveVersion = 1;
	classes = {
	};
	objectVersion = 56;
	objects = {

/* Begin PBXBuildFile section */
		5D5F57772FCDA93800F950C8 /* Sentry in Frameworks */ = {isa = PBXBuildFile; productRef = 5D5F57762FCDA93800F950C8 /* Sentry */; };
		5D76BBBF2FB9BF9400132604 /* Sparkle in Frameworks */ = {isa = PBXBuildFile; productRef = 5D76BBBE2FB9BF9400132604 /* Sparkle */; };
		A10000010000000000000001 /* versoApp.swift in Sources */ = {isa = PBXBuildFile; fileRef = A10000020000000000000001 /* versoApp.swift */; };
		A10000010000000000000002 /* ContentView.swift in Sources */ = {isa = PBXBuildFile; fileRef = A10000020000000000000002 /* ContentView.swift */; };
		A10000010000000000000003 /* Assets.xcassets in Resources */ = {isa = PBXBuildFile; fileRef = A10000020000000000000003 /* Assets.xcassets */; };
		A10000010000000000000004 /* Preview Assets.xcassets in Resources */ = {isa = PBXBuildFile; fileRef = A10000020000000000000004 /* Preview Assets.xcassets */; };
		A10000010000000000000005 /* SidecarManager.swift in Sources */ = {isa = PBXBuildFile; fileRef = A10000020000000000000006 /* SidecarManager.swift */; };
		A1000001000000000000000B /* ChatWebView.swift in Sources */ = {isa = PBXBuildFile; fileRef = A1000002000000000000000C /* ChatWebView.swift */; };
		A1000001000000000000000C /* chat-ui in Resources */ = {isa = PBXBuildFile; fileRef = A1000002000000000000000D /* chat-ui */; };
		A10000010000000000000021 /* Fonts in Resources */ = {isa = PBXBuildFile; fileRef = A10000020000000000000021 /* Fonts */; };
		A1000001000000000000000D /* ManagedSessionStore.swift in Sources */ = {isa = PBXBuildFile; fileRef = A1000002000000000000000E /* ManagedSessionStore.swift */; };
		A1000001000000000000000E /* ManagedSessionStore.swift in Sources */ = {isa = PBXBuildFile; fileRef = A1000002000000000000000E /* ManagedSessionStore.swift */; };
		A1000001000000000000000F /* SignInView.swift in Sources */ = {isa = PBXBuildFile; fileRef = A10000020000000000000010 /* SignInView.swift */; };
		A10000010000000000000011 /* UpdateToastUserDriver.swift in Sources */ = {isa = PBXBuildFile; fileRef = A10000020000000000000011 /* UpdateToastUserDriver.swift */; };
		A10000010000000000000020 /* Telemetry.swift in Sources */ = {isa = PBXBuildFile; fileRef = A10000020000000000000020 /* Telemetry.swift */; };
		B10000010000000000000001 /* SidecarRuntimeResolver.swift in Sources */ = {isa = PBXBuildFile; fileRef = B10000020000000000000001 /* SidecarRuntimeResolver.swift */; };
		B10000010000000000000002 /* SidecarStartupProtocol.swift in Sources */ = {isa = PBXBuildFile; fileRef = B10000020000000000000002 /* SidecarStartupProtocol.swift */; };
		B10000010000000000000003 /* SidecarStartupProtocolTests.swift in Sources */ = {isa = PBXBuildFile; fileRef = B10000020000000000000003 /* SidecarStartupProtocolTests.swift */; };
		B10000010000000000000004 /* SidecarRuntimeResolverTests.swift in Sources */ = {isa = PBXBuildFile; fileRef = B10000020000000000000004 /* SidecarRuntimeResolverTests.swift */; };
		B10000010000000000000005 /* XCTest.framework in Frameworks */ = {isa = PBXBuildFile; fileRef = B10000020000000000000006 /* XCTest.framework */; };
		B10000010000000000000006 /* SidecarRuntimeResolver.swift in Sources */ = {isa = PBXBuildFile; fileRef = B10000020000000000000001 /* SidecarRuntimeResolver.swift */; };
		B10000010000000000000007 /* SidecarStartupProtocol.swift in Sources */ = {isa = PBXBuildFile; fileRef = B10000020000000000000002 /* SidecarStartupProtocol.swift */; };
		C10000010000000000000001 /* NativeShellTheme.swift in Sources */ = {isa = PBXBuildFile; fileRef = C10000020000000000000001 /* NativeShellTheme.swift */; };
		C10000010000000000000002 /* SessionSidebar.swift in Sources */ = {isa = PBXBuildFile; fileRef = C10000020000000000000002 /* SessionSidebar.swift */; };
		C10000010000000000000003 /* NativeWindowChrome.swift in Sources */ = {isa = PBXBuildFile; fileRef = C10000020000000000000003 /* NativeWindowChrome.swift */; };
		D10000010000000000000001 /* ShellProtocol.swift in Sources */ = {isa = PBXBuildFile; fileRef = D10000020000000000000001 /* ShellProtocol.swift */; };
		D10000010000000000000002 /* ShellProtocol.swift in Sources */ = {isa = PBXBuildFile; fileRef = D10000020000000000000001 /* ShellProtocol.swift */; };
		D10000010000000000000003 /* ShellProtocolTests.swift in Sources */ = {isa = PBXBuildFile; fileRef = D10000020000000000000002 /* ShellProtocolTests.swift */; };
		E10000010000000000000001 /* SidecarHTTPClient.swift in Sources */ = {isa = PBXBuildFile; fileRef = E10000020000000000000001 /* SidecarHTTPClient.swift */; };
		E10000010000000000000002 /* SidecarLaunchEnvironment.swift in Sources */ = {isa = PBXBuildFile; fileRef = E10000020000000000000002 /* SidecarLaunchEnvironment.swift */; };
		E10000010000000000000003 /* SidecarManagedSessionPolicy.swift in Sources */ = {isa = PBXBuildFile; fileRef = E10000020000000000000003 /* SidecarManagedSessionPolicy.swift */; };
		E10000010000000000000004 /* SidecarProcessController.swift in Sources */ = {isa = PBXBuildFile; fileRef = E10000020000000000000004 /* SidecarProcessController.swift */; };
		E10000010000000000000005 /* SidecarHTTPClient.swift in Sources */ = {isa = PBXBuildFile; fileRef = E10000020000000000000001 /* SidecarHTTPClient.swift */; };
		E10000010000000000000006 /* SidecarLaunchEnvironment.swift in Sources */ = {isa = PBXBuildFile; fileRef = E10000020000000000000002 /* SidecarLaunchEnvironment.swift */; };
		E10000010000000000000007 /* SidecarManagedSessionPolicy.swift in Sources */ = {isa = PBXBuildFile; fileRef = E10000020000000000000003 /* SidecarManagedSessionPolicy.swift */; };
		E10000010000000000000008 /* SidecarProcessController.swift in Sources */ = {isa = PBXBuildFile; fileRef = E10000020000000000000004 /* SidecarProcessController.swift */; };
		E10000010000000000000009 /* SidecarHTTPClientTests.swift in Sources */ = {isa = PBXBuildFile; fileRef = E10000020000000000000005 /* SidecarHTTPClientTests.swift */; };
		E1000001000000000000000A /* SidecarLaunchEnvironmentTests.swift in Sources */ = {isa = PBXBuildFile; fileRef = E10000020000000000000006 /* SidecarLaunchEnvironmentTests.swift */; };
		E1000001000000000000000B /* SidecarManagedSessionPolicyTests.swift in Sources */ = {isa = PBXBuildFile; fileRef = E10000020000000000000007 /* SidecarManagedSessionPolicyTests.swift */; };
		E1000001000000000000000C /* SidecarProcessControllerTests.swift in Sources */ = {isa = PBXBuildFile; fileRef = E10000020000000000000008 /* SidecarProcessControllerTests.swift */; };
		F20000010000000000000001 /* SidebarAPIClient.swift in Sources */ = {isa = PBXBuildFile; fileRef = F20000020000000000000001 /* SidebarAPIClient.swift */; };
		F20000010000000000000002 /* SidebarStore.swift in Sources */ = {isa = PBXBuildFile; fileRef = F20000020000000000000002 /* SidebarStore.swift */; };
		F20000010000000000000003 /* SidebarAPIClient.swift in Sources */ = {isa = PBXBuildFile; fileRef = F20000020000000000000001 /* SidebarAPIClient.swift */; };
		F20000010000000000000004 /* SidebarStore.swift in Sources */ = {isa = PBXBuildFile; fileRef = F20000020000000000000002 /* SidebarStore.swift */; };
		F20000010000000000000005 /* SidebarAPIClientTests.swift in Sources */ = {isa = PBXBuildFile; fileRef = F20000020000000000000003 /* SidebarAPIClientTests.swift */; };
		F20000010000000000000006 /* SidebarStoreTests.swift in Sources */ = {isa = PBXBuildFile; fileRef = F20000020000000000000004 /* SidebarStoreTests.swift */; };
		G10000010000000000000001 /* VersoRuntimeConfiguration.swift in Sources */ = {isa = PBXBuildFile; fileRef = G10000020000000000000001 /* VersoRuntimeConfiguration.swift */; };
		G10000010000000000000002 /* VersoRuntimeConfiguration.swift in Sources */ = {isa = PBXBuildFile; fileRef = G10000020000000000000001 /* VersoRuntimeConfiguration.swift */; };
		G10000010000000000000003 /* VersoRuntimeConfigurationTests.swift in Sources */ = {isa = PBXBuildFile; fileRef = G10000020000000000000002 /* VersoRuntimeConfigurationTests.swift */; };
/* End PBXBuildFile section */

/* Begin PBXFileReference section */
		A10000020000000000000001 /* versoApp.swift */ = {isa = PBXFileReference; lastKnownFileType = sourcecode.swift; path = versoApp.swift; sourceTree = "<group>"; };
		A10000020000000000000002 /* ContentView.swift */ = {isa = PBXFileReference; lastKnownFileType = sourcecode.swift; path = ContentView.swift; sourceTree = "<group>"; };
		A10000020000000000000003 /* Assets.xcassets */ = {isa = PBXFileReference; lastKnownFileType = folder.assetcatalog; path = Assets.xcassets; sourceTree = "<group>"; };
		A10000020000000000000004 /* Preview Assets.xcassets */ = {isa = PBXFileReference; lastKnownFileType = folder.assetcatalog; path = "Preview Assets.xcassets"; sourceTree = "<group>"; };
		A10000020000000000000005 /* verso.entitlements */ = {isa = PBXFileReference; lastKnownFileType = text.plist.entitlements; path = verso.entitlements; sourceTree = "<group>"; };
		A10000020000000000000006 /* SidecarManager.swift */ = {isa = PBXFileReference; lastKnownFileType = sourcecode.swift; path = SidecarManager.swift; sourceTree = "<group>"; };
		A1000002000000000000000C /* ChatWebView.swift */ = {isa = PBXFileReference; lastKnownFileType = sourcecode.swift; path = ChatWebView.swift; sourceTree = "<group>"; };
		A1000002000000000000000D /* chat-ui */ = {isa = PBXFileReference; lastKnownFileType = folder; path = "chat-ui"; sourceTree = "<group>"; };
		A10000020000000000000021 /* Fonts */ = {isa = PBXFileReference; lastKnownFileType = folder; path = Fonts; sourceTree = "<group>"; };
		A1000002000000000000000E /* ManagedSessionStore.swift */ = {isa = PBXFileReference; lastKnownFileType = sourcecode.swift; path = ManagedSessionStore.swift; sourceTree = "<group>"; };
		A1000002000000000000000F /* Info.plist */ = {isa = PBXFileReference; lastKnownFileType = text.plist.xml; path = Info.plist; sourceTree = "<group>"; };
		A10000020000000000000010 /* SignInView.swift */ = {isa = PBXFileReference; lastKnownFileType = sourcecode.swift; path = SignInView.swift; sourceTree = "<group>"; };
		A10000020000000000000011 /* UpdateToastUserDriver.swift */ = {isa = PBXFileReference; lastKnownFileType = sourcecode.swift; path = UpdateToastUserDriver.swift; sourceTree = "<group>"; };
		A10000020000000000000020 /* Telemetry.swift */ = {isa = PBXFileReference; lastKnownFileType = sourcecode.swift; path = Telemetry.swift; sourceTree = "<group>"; };
		A10000030000000000000001 /* verso.app */ = {isa = PBXFileReference; explicitFileType = wrapper.application; includeInIndex = 0; path = verso.app; sourceTree = BUILT_PRODUCTS_DIR; };
		B10000020000000000000001 /* SidecarRuntimeResolver.swift */ = {isa = PBXFileReference; lastKnownFileType = sourcecode.swift; path = SidecarRuntimeResolver.swift; sourceTree = "<group>"; };
		B10000020000000000000002 /* SidecarStartupProtocol.swift */ = {isa = PBXFileReference; lastKnownFileType = sourcecode.swift; path = SidecarStartupProtocol.swift; sourceTree = "<group>"; };
		B10000020000000000000003 /* SidecarStartupProtocolTests.swift */ = {isa = PBXFileReference; lastKnownFileType = sourcecode.swift; path = SidecarStartupProtocolTests.swift; sourceTree = "<group>"; };
		B10000020000000000000004 /* SidecarRuntimeResolverTests.swift */ = {isa = PBXFileReference; lastKnownFileType = sourcecode.swift; path = SidecarRuntimeResolverTests.swift; sourceTree = "<group>"; };
		B10000020000000000000005 /* versoTests.xctest */ = {isa = PBXFileReference; explicitFileType = wrapper.cfbundle; includeInIndex = 0; path = versoTests.xctest; sourceTree = BUILT_PRODUCTS_DIR; };
		B10000020000000000000006 /* XCTest.framework */ = {isa = PBXFileReference; lastKnownFileType = wrapper.framework; name = XCTest.framework; path = System/Library/Frameworks/XCTest.framework; sourceTree = SDKROOT; };
		C10000020000000000000001 /* NativeShellTheme.swift */ = {isa = PBXFileReference; lastKnownFileType = sourcecode.swift; path = NativeShellTheme.swift; sourceTree = "<group>"; };
		C10000020000000000000002 /* SessionSidebar.swift */ = {isa = PBXFileReference; lastKnownFileType = sourcecode.swift; path = SessionSidebar.swift; sourceTree = "<group>"; };
		C10000020000000000000003 /* NativeWindowChrome.swift */ = {isa = PBXFileReference; lastKnownFileType = sourcecode.swift; path = NativeWindowChrome.swift; sourceTree = "<group>"; };
		D10000020000000000000001 /* ShellProtocol.swift */ = {isa = PBXFileReference; lastKnownFileType = sourcecode.swift; path = ShellProtocol.swift; sourceTree = "<group>"; };
		D10000020000000000000002 /* ShellProtocolTests.swift */ = {isa = PBXFileReference; lastKnownFileType = sourcecode.swift; path = ShellProtocolTests.swift; sourceTree = "<group>"; };
		E10000020000000000000001 /* SidecarHTTPClient.swift */ = {isa = PBXFileReference; lastKnownFileType = sourcecode.swift; path = SidecarHTTPClient.swift; sourceTree = "<group>"; };
		E10000020000000000000002 /* SidecarLaunchEnvironment.swift */ = {isa = PBXFileReference; lastKnownFileType = sourcecode.swift; path = SidecarLaunchEnvironment.swift; sourceTree = "<group>"; };
		E10000020000000000000003 /* SidecarManagedSessionPolicy.swift */ = {isa = PBXFileReference; lastKnownFileType = sourcecode.swift; path = SidecarManagedSessionPolicy.swift; sourceTree = "<group>"; };
		E10000020000000000000004 /* SidecarProcessController.swift */ = {isa = PBXFileReference; lastKnownFileType = sourcecode.swift; path = SidecarProcessController.swift; sourceTree = "<group>"; };
		E10000020000000000000005 /* SidecarHTTPClientTests.swift */ = {isa = PBXFileReference; lastKnownFileType = sourcecode.swift; path = SidecarHTTPClientTests.swift; sourceTree = "<group>"; };
		E10000020000000000000006 /* SidecarLaunchEnvironmentTests.swift */ = {isa = PBXFileReference; lastKnownFileType = sourcecode.swift; path = SidecarLaunchEnvironmentTests.swift; sourceTree = "<group>"; };
		E10000020000000000000007 /* SidecarManagedSessionPolicyTests.swift */ = {isa = PBXFileReference; lastKnownFileType = sourcecode.swift; path = SidecarManagedSessionPolicyTests.swift; sourceTree = "<group>"; };
		E10000020000000000000008 /* SidecarProcessControllerTests.swift */ = {isa = PBXFileReference; lastKnownFileType = sourcecode.swift; path = SidecarProcessControllerTests.swift; sourceTree = "<group>"; };
		F20000020000000000000001 /* SidebarAPIClient.swift */ = {isa = PBXFileReference; lastKnownFileType = sourcecode.swift; path = SidebarAPIClient.swift; sourceTree = "<group>"; };
		F20000020000000000000002 /* SidebarStore.swift */ = {isa = PBXFileReference; lastKnownFileType = sourcecode.swift; path = SidebarStore.swift; sourceTree = "<group>"; };
		F20000020000000000000003 /* SidebarAPIClientTests.swift */ = {isa = PBXFileReference; lastKnownFileType = sourcecode.swift; path = SidebarAPIClientTests.swift; sourceTree = "<group>"; };
		F20000020000000000000004 /* SidebarStoreTests.swift */ = {isa = PBXFileReference; lastKnownFileType = sourcecode.swift; path = SidebarStoreTests.swift; sourceTree = "<group>"; };
		G10000020000000000000001 /* VersoRuntimeConfiguration.swift */ = {isa = PBXFileReference; lastKnownFileType = sourcecode.swift; path = VersoRuntimeConfiguration.swift; sourceTree = "<group>"; };
		G10000020000000000000002 /* VersoRuntimeConfigurationTests.swift */ = {isa = PBXFileReference; lastKnownFileType = sourcecode.swift; path = VersoRuntimeConfigurationTests.swift; sourceTree = "<group>"; };
/* End PBXFileReference section */

/* Begin PBXFrameworksBuildPhase section */
		A10000040000000000000001 /* Frameworks */ = {
			isa = PBXFrameworksBuildPhase;
			buildActionMask = 2147483647;
			files = (
				5D76BBBF2FB9BF9400132604 /* Sparkle in Frameworks */,
				5D5F57772FCDA93800F950C8 /* Sentry in Frameworks */,
			);
			runOnlyForDeploymentPostprocessing = 0;
		};
		B10000040000000000000001 /* Frameworks */ = {
			isa = PBXFrameworksBuildPhase;
			buildActionMask = 2147483647;
			files = (
				B10000010000000000000005 /* XCTest.framework in Frameworks */,
			);
			runOnlyForDeploymentPostprocessing = 0;
		};
/* End PBXFrameworksBuildPhase section */

/* Begin PBXGroup section */
		5D5F57752FCDA93800F950C8 /* Frameworks */ = {
			isa = PBXGroup;
			children = (
			);
			name = Frameworks;
			sourceTree = "<group>";
		};
		A10000050000000000000001 = {
			isa = PBXGroup;
			children = (
				A10000050000000000000002 /* desktop/macos */,
				B10000050000000000000001 /* desktop/macosTests */,
				5D5F57752FCDA93800F950C8 /* Frameworks */,
				A10000050000000000000003 /* Products */,
			);
			sourceTree = "<group>";
		};
		A10000050000000000000002 /* desktop/macos */ = {
			isa = PBXGroup;
			children = (
				A10000020000000000000001 /* versoApp.swift */,
				G10000020000000000000001 /* VersoRuntimeConfiguration.swift */,
				A10000020000000000000002 /* ContentView.swift */,
				C10000020000000000000001 /* NativeShellTheme.swift */,
				C10000020000000000000002 /* SessionSidebar.swift */,
				C10000020000000000000003 /* NativeWindowChrome.swift */,
				A10000020000000000000006 /* SidecarManager.swift */,
				B10000020000000000000001 /* SidecarRuntimeResolver.swift */,
				B10000020000000000000002 /* SidecarStartupProtocol.swift */,
				E10000020000000000000001 /* SidecarHTTPClient.swift */,
				F20000020000000000000001 /* SidebarAPIClient.swift */,
				F20000020000000000000002 /* SidebarStore.swift */,
				E10000020000000000000002 /* SidecarLaunchEnvironment.swift */,
				E10000020000000000000003 /* SidecarManagedSessionPolicy.swift */,
				E10000020000000000000004 /* SidecarProcessController.swift */,
				D10000020000000000000001 /* ShellProtocol.swift */,
				A1000002000000000000000C /* ChatWebView.swift */,
				A1000002000000000000000E /* ManagedSessionStore.swift */,
				A10000020000000000000010 /* SignInView.swift */,
				A10000020000000000000011 /* UpdateToastUserDriver.swift */,
				A10000020000000000000020 /* Telemetry.swift */,
				A1000002000000000000000F /* Info.plist */,
				A1000002000000000000000D /* chat-ui */,
				A10000020000000000000021 /* Fonts */,
				A10000020000000000000003 /* Assets.xcassets */,
				A10000020000000000000005 /* verso.entitlements */,
				A10000050000000000000004 /* Preview Content */,
			);
			path = desktop/macos;
			sourceTree = "<group>";
		};
		A10000050000000000000003 /* Products */ = {
			isa = PBXGroup;
			children = (
				A10000030000000000000001 /* verso.app */,
				B10000020000000000000005 /* versoTests.xctest */,
			);
			name = Products;
			sourceTree = "<group>";
		};
		B10000050000000000000001 /* desktop/macosTests */ = {
			isa = PBXGroup;
			children = (
				G10000020000000000000002 /* VersoRuntimeConfigurationTests.swift */,
				B10000020000000000000003 /* SidecarStartupProtocolTests.swift */,
				B10000020000000000000004 /* SidecarRuntimeResolverTests.swift */,
				D10000020000000000000002 /* ShellProtocolTests.swift */,
				E10000020000000000000005 /* SidecarHTTPClientTests.swift */,
				E10000020000000000000006 /* SidecarLaunchEnvironmentTests.swift */,
				E10000020000000000000007 /* SidecarManagedSessionPolicyTests.swift */,
				E10000020000000000000008 /* SidecarProcessControllerTests.swift */,
				F20000020000000000000003 /* SidebarAPIClientTests.swift */,
				F20000020000000000000004 /* SidebarStoreTests.swift */,
			);
			path = desktop/macosTests;
			sourceTree = "<group>";
		};
		A10000050000000000000004 /* Preview Content */ = {
			isa = PBXGroup;
			children = (
				A10000020000000000000004 /* Preview Assets.xcassets */,
			);
			path = "Preview Content";
			sourceTree = "<group>";
		};
/* End PBXGroup section */

/* Begin PBXNativeTarget section */
		A10000060000000000000001 /* verso */ = {
			isa = PBXNativeTarget;
			buildConfigurationList = A10000080000000000000001 /* Build configuration list for PBXNativeTarget "verso" */;
			buildPhases = (
				A100000B0000000000000001 /* Build Chat UI */,
				A10000070000000000000001 /* Sources */,
				A10000040000000000000001 /* Frameworks */,
				A10000070000000000000002 /* Resources */,
				A100000B0000000000000002 /* Bundle Runtime Components */,
				A100000B0000000000000003 /* Sign Embedded Binaries */,
			);
			buildRules = (
			);
			dependencies = (
			);
			name = verso;
			productName = verso;
			productReference = A10000030000000000000001 /* verso.app */;
			productType = "com.apple.product-type.application";
		};
		B10000060000000000000001 /* versoTests */ = {
			isa = PBXNativeTarget;
			buildConfigurationList = B10000080000000000000001 /* Build configuration list for PBXNativeTarget "versoTests" */;
			buildPhases = (
				B10000070000000000000001 /* Sources */,
				B10000040000000000000001 /* Frameworks */,
			);
			buildRules = (
			);
			dependencies = (
			);
			name = versoTests;
			productName = versoTests;
			productReference = B10000020000000000000005 /* versoTests.xctest */;
			productType = "com.apple.product-type.bundle.unit-test";
		};
/* End PBXNativeTarget section */

/* Begin PBXProject section */
		A10000090000000000000001 /* Project object */ = {
			isa = PBXProject;
			attributes = {
				BuildIndependentTargetsInParallel = 1;
				LastSwiftUpdateCheck = 1500;
				LastUpgradeCheck = 1500;
				TargetAttributes = {
					A10000060000000000000001 = {
						CreatedOnToolsVersion = 15.0;
					};
					B10000060000000000000001 = {
						CreatedOnToolsVersion = 15.0;
					};
				};
			};
			buildConfigurationList = A10000080000000000000002 /* Build configuration list for PBXProject "verso" */;
			compatibilityVersion = "Xcode 14.0";
			developmentRegion = en;
			hasScannedForEncodings = 0;
			knownRegions = (
				en,
				Base,
			);
			mainGroup = A10000050000000000000001;
			packageReferences = (
				5D76BBBD2FB9BF9400132604 /* XCRemoteSwiftPackageReference "Sparkle" */,
				5D5F57742FCDA85400F950C8 /* XCRemoteSwiftPackageReference "sentry-cocoa" */,
			);
			productRefGroup = A10000050000000000000003 /* Products */;
			projectDirPath = "";
			projectRoot = "";
			targets = (
				A10000060000000000000001 /* verso */,
				B10000060000000000000001 /* versoTests */,
			);
		};
/* End PBXProject section */

/* Begin PBXResourcesBuildPhase section */
		A10000070000000000000002 /* Resources */ = {
			isa = PBXResourcesBuildPhase;
			buildActionMask = 2147483647;
			files = (
				A10000010000000000000004 /* Preview Assets.xcassets in Resources */,
				A10000010000000000000003 /* Assets.xcassets in Resources */,
				A1000001000000000000000C /* chat-ui in Resources */,
				A10000010000000000000021 /* Fonts in Resources */,
			);
			runOnlyForDeploymentPostprocessing = 0;
		};
/* End PBXResourcesBuildPhase section */

/* Begin PBXShellScriptBuildPhase section */
		A100000B0000000000000001 /* Build Chat UI */ = {
			isa = PBXShellScriptBuildPhase;
			alwaysOutOfDate = 1;
			buildActionMask = 2147483647;
			files = (
			);
			inputPaths = (
			);
			name = "Build Chat UI";
			outputPaths = (
			);
			runOnlyForDeploymentPostprocessing = 0;
			shellPath = /bin/sh;
			shellScript = "\"$SRCROOT/scripts/build/build-chat-ui.sh\"\n";
		};
		A100000B0000000000000002 /* Bundle Runtime Components */ = {
			isa = PBXShellScriptBuildPhase;
			alwaysOutOfDate = 1;
			buildActionMask = 2147483647;
			files = (
			);
			inputPaths = (
			);
			name = "Bundle Runtime Components";
			outputPaths = (
			);
			runOnlyForDeploymentPostprocessing = 0;
			shellPath = /bin/sh;
			shellScript = "\"$SRCROOT/scripts/build/copy-runtime-bundles.sh\"\n";
		};
		A100000B0000000000000003 /* Sign Embedded Binaries */ = {
			isa = PBXShellScriptBuildPhase;
			alwaysOutOfDate = 1;
			buildActionMask = 2147483647;
			files = (
			);
			inputPaths = (
			);
			name = "Sign Embedded Binaries";
			outputPaths = (
			);
			runOnlyForDeploymentPostprocessing = 0;
			shellPath = /bin/sh;
			shellScript = "\"$SRCROOT/scripts/build/sign-bundle-binaries.sh\"\n";
		};
/* End PBXShellScriptBuildPhase section */

/* Begin PBXSourcesBuildPhase section */
		A10000070000000000000001 /* Sources */ = {
			isa = PBXSourcesBuildPhase;
			buildActionMask = 2147483647;
			files = (
				A10000010000000000000002 /* ContentView.swift in Sources */,
				G10000010000000000000001 /* VersoRuntimeConfiguration.swift in Sources */,
				C10000010000000000000001 /* NativeShellTheme.swift in Sources */,
				C10000010000000000000002 /* SessionSidebar.swift in Sources */,
				C10000010000000000000003 /* NativeWindowChrome.swift in Sources */,
				A10000010000000000000001 /* versoApp.swift in Sources */,
				A10000010000000000000005 /* SidecarManager.swift in Sources */,
				A1000001000000000000000B /* ChatWebView.swift in Sources */,
				A1000001000000000000000D /* ManagedSessionStore.swift in Sources */,
				A1000001000000000000000F /* SignInView.swift in Sources */,
				A10000010000000000000011 /* UpdateToastUserDriver.swift in Sources */,
				A10000010000000000000020 /* Telemetry.swift in Sources */,
				B10000010000000000000001 /* SidecarRuntimeResolver.swift in Sources */,
				B10000010000000000000002 /* SidecarStartupProtocol.swift in Sources */,
				D10000010000000000000001 /* ShellProtocol.swift in Sources */,
				E10000010000000000000001 /* SidecarHTTPClient.swift in Sources */,
				E10000010000000000000002 /* SidecarLaunchEnvironment.swift in Sources */,
				E10000010000000000000003 /* SidecarManagedSessionPolicy.swift in Sources */,
				E10000010000000000000004 /* SidecarProcessController.swift in Sources */,
				F20000010000000000000001 /* SidebarAPIClient.swift in Sources */,
				F20000010000000000000002 /* SidebarStore.swift in Sources */,
			);
			runOnlyForDeploymentPostprocessing = 0;
		};
		B10000070000000000000001 /* Sources */ = {
			isa = PBXSourcesBuildPhase;
			buildActionMask = 2147483647;
			files = (
				A1000001000000000000000E /* ManagedSessionStore.swift in Sources */,
				G10000010000000000000002 /* VersoRuntimeConfiguration.swift in Sources */,
				G10000010000000000000003 /* VersoRuntimeConfigurationTests.swift in Sources */,
				B10000010000000000000006 /* SidecarRuntimeResolver.swift in Sources */,
				B10000010000000000000007 /* SidecarStartupProtocol.swift in Sources */,
				B10000010000000000000003 /* SidecarStartupProtocolTests.swift in Sources */,
				B10000010000000000000004 /* SidecarRuntimeResolverTests.swift in Sources */,
				D10000010000000000000002 /* ShellProtocol.swift in Sources */,
				D10000010000000000000003 /* ShellProtocolTests.swift in Sources */,
				E10000010000000000000005 /* SidecarHTTPClient.swift in Sources */,
				E10000010000000000000006 /* SidecarLaunchEnvironment.swift in Sources */,
				E10000010000000000000007 /* SidecarManagedSessionPolicy.swift in Sources */,
				E10000010000000000000008 /* SidecarProcessController.swift in Sources */,
				E10000010000000000000009 /* SidecarHTTPClientTests.swift in Sources */,
				E1000001000000000000000A /* SidecarLaunchEnvironmentTests.swift in Sources */,
				E1000001000000000000000B /* SidecarManagedSessionPolicyTests.swift in Sources */,
				E1000001000000000000000C /* SidecarProcessControllerTests.swift in Sources */,
				F20000010000000000000003 /* SidebarAPIClient.swift in Sources */,
				F20000010000000000000004 /* SidebarStore.swift in Sources */,
				F20000010000000000000005 /* SidebarAPIClientTests.swift in Sources */,
				F20000010000000000000006 /* SidebarStoreTests.swift in Sources */,
			);
			runOnlyForDeploymentPostprocessing = 0;
		};
/* End PBXSourcesBuildPhase section */

/* Begin XCBuildConfiguration section */
		A100000A0000000000000001 /* Debug */ = {
			isa = XCBuildConfiguration;
			buildSettings = {
				ALWAYS_SEARCH_USER_PATHS = NO;
				ASSETCATALOG_COMPILER_GENERATE_SWIFT_ASSET_SYMBOL_EXTENSIONS = YES;
				CLANG_ANALYZER_NONNULL = YES;
				CLANG_ANALYZER_NUMBER_OBJECT_CONVERSION = YES_AGGRESSIVE;
				CLANG_CXX_LANGUAGE_STANDARD = "gnu++20";
				CLANG_ENABLE_MODULES = YES;
				CLANG_ENABLE_OBJC_ARC = YES;
				CLANG_ENABLE_OBJC_WEAK = YES;
				CLANG_WARN_BLOCK_CAPTURE_AUTORELEASING = YES;
				CLANG_WARN_BOOL_CONVERSION = YES;
				CLANG_WARN_COMMA = YES;
				CLANG_WARN_CONSTANT_CONVERSION = YES;
				CLANG_WARN_DEPRECATED_OBJC_IMPLEMENTATIONS = YES;
				CLANG_WARN_DIRECT_OBJC_ISA_USAGE = YES_ERROR;
				CLANG_WARN_DOCUMENTATION_COMMENTS = YES;
				CLANG_WARN_EMPTY_BODY = YES;
				CLANG_WARN_ENUM_CONVERSION = YES;
				CLANG_WARN_INFINITE_RECURSION = YES;
				CLANG_WARN_INT_CONVERSION = YES;
				CLANG_WARN_NON_LITERAL_NULL_CONVERSION = YES;
				CLANG_WARN_OBJC_IMPLICIT_RETAIN_SELF = YES;
				CLANG_WARN_OBJC_LITERAL_CONVERSION = YES;
				CLANG_WARN_OBJC_ROOT_CLASS = YES_ERROR;
				CLANG_WARN_QUOTED_INCLUDE_IN_FRAMEWORK_HEADER = YES;
				CLANG_WARN_RANGE_LOOP_ANALYSIS = YES;
				CLANG_WARN_STRICT_PROTOTYPES = YES;
				CLANG_WARN_SUSPICIOUS_MOVE = YES;
				CLANG_WARN_UNGUARDED_AVAILABILITY = YES_AGGRESSIVE;
				CLANG_WARN_UNREACHABLE_CODE = YES;
				CLANG_WARN__DUPLICATE_METHOD_MATCH = YES;
				COPY_PHASE_STRIP = NO;
				DEBUG_INFORMATION_FORMAT = dwarf;
				ENABLE_STRICT_OBJC_MSGSEND = YES;
				ENABLE_TESTABILITY = YES;
				ENABLE_USER_SCRIPT_SANDBOXING = NO;
				GCC_C_LANGUAGE_STANDARD = gnu17;
				GCC_DYNAMIC_NO_PIC = NO;
				GCC_NO_COMMON_BLOCKS = YES;
				GCC_OPTIMIZATION_LEVEL = 0;
				GCC_PREPROCESSOR_DEFINITIONS = (
					"DEBUG=1",
					"$(inherited)",
				);
				GCC_WARN_64_TO_32_BIT_CONVERSION = YES;
				GCC_WARN_ABOUT_RETURN_TYPE = YES_ERROR;
				GCC_WARN_UNDECLARED_SELECTOR = YES;
				GCC_WARN_UNINITIALIZED_AUTOS = YES_AGGRESSIVE;
				GCC_WARN_UNUSED_FUNCTION = YES;
				GCC_WARN_UNUSED_VARIABLE = YES;
				MACOSX_DEPLOYMENT_TARGET = 14.0;
				MTL_ENABLE_DEBUG_INFO = INCLUDE_SOURCE;
				MTL_FAST_MATH = YES;
				ONLY_ACTIVE_ARCH = YES;
				SDKROOT = macosx;
				SWIFT_ACTIVE_COMPILATION_CONDITIONS = "DEBUG $(inherited)";
				SWIFT_OPTIMIZATION_LEVEL = "-Onone";
			};
			name = Debug;
		};
		A100000A0000000000000002 /* Release */ = {
			isa = XCBuildConfiguration;
			buildSettings = {
				ALWAYS_SEARCH_USER_PATHS = NO;
				ASSETCATALOG_COMPILER_GENERATE_SWIFT_ASSET_SYMBOL_EXTENSIONS = YES;
				CLANG_ANALYZER_NONNULL = YES;
				CLANG_ANALYZER_NUMBER_OBJECT_CONVERSION = YES_AGGRESSIVE;
				CLANG_CXX_LANGUAGE_STANDARD = "gnu++20";
				CLANG_ENABLE_MODULES = YES;
				CLANG_ENABLE_OBJC_ARC = YES;
				CLANG_ENABLE_OBJC_WEAK = YES;
				CLANG_WARN_BLOCK_CAPTURE_AUTORELEASING = YES;
				CLANG_WARN_BOOL_CONVERSION = YES;
				CLANG_WARN_COMMA = YES;
				CLANG_WARN_CONSTANT_CONVERSION = YES;
				CLANG_WARN_DEPRECATED_OBJC_IMPLEMENTATIONS = YES;
				CLANG_WARN_DIRECT_OBJC_ISA_USAGE = YES_ERROR;
				CLANG_WARN_DOCUMENTATION_COMMENTS = YES;
				CLANG_WARN_EMPTY_BODY = YES;
				CLANG_WARN_ENUM_CONVERSION = YES;
				CLANG_WARN_INFINITE_RECURSION = YES;
				CLANG_WARN_INT_CONVERSION = YES;
				CLANG_WARN_NON_LITERAL_NULL_CONVERSION = YES;
				CLANG_WARN_OBJC_IMPLICIT_RETAIN_SELF = YES;
				CLANG_WARN_OBJC_LITERAL_CONVERSION = YES;
				CLANG_WARN_OBJC_ROOT_CLASS = YES_ERROR;
				CLANG_WARN_QUOTED_INCLUDE_IN_FRAMEWORK_HEADER = YES;
				CLANG_WARN_RANGE_LOOP_ANALYSIS = YES;
				CLANG_WARN_STRICT_PROTOTYPES = YES;
				CLANG_WARN_SUSPICIOUS_MOVE = YES;
				CLANG_WARN_UNGUARDED_AVAILABILITY = YES_AGGRESSIVE;
				CLANG_WARN_UNREACHABLE_CODE = YES;
				CLANG_WARN__DUPLICATE_METHOD_MATCH = YES;
				COPY_PHASE_STRIP = NO;
				DEBUG_INFORMATION_FORMAT = "dwarf-with-dsym";
				ENABLE_NS_ASSERTIONS = NO;
				ENABLE_STRICT_OBJC_MSGSEND = YES;
				ENABLE_USER_SCRIPT_SANDBOXING = NO;
				GCC_C_LANGUAGE_STANDARD = gnu17;
				GCC_NO_COMMON_BLOCKS = YES;
				GCC_WARN_64_TO_32_BIT_CONVERSION = YES;
				GCC_WARN_ABOUT_RETURN_TYPE = YES_ERROR;
				GCC_WARN_UNDECLARED_SELECTOR = YES;
				GCC_WARN_UNINITIALIZED_AUTOS = YES_AGGRESSIVE;
				GCC_WARN_UNUSED_FUNCTION = YES;
				GCC_WARN_UNUSED_VARIABLE = YES;
				MACOSX_DEPLOYMENT_TARGET = 14.0;
				MTL_ENABLE_DEBUG_INFO = NO;
				MTL_FAST_MATH = YES;
				SDKROOT = macosx;
				SWIFT_COMPILATION_MODE = wholemodule;
			};
			name = Release;
		};
		A100000A0000000000000003 /* Debug */ = {
			isa = XCBuildConfiguration;
			buildSettings = {
				ASSETCATALOG_COMPILER_APPICON_NAME = AppIcon;
				ASSETCATALOG_COMPILER_GLOBAL_ACCENT_COLOR_NAME = AccentColor;
				CODE_SIGN_ENTITLEMENTS = desktop/macos/verso.entitlements;
				CODE_SIGN_STYLE = Automatic;
				COMBINE_HIDPI_IMAGES = YES;
				CURRENT_PROJECT_VERSION = 28;
				DEVELOPMENT_ASSET_PATHS = "\"desktop/macos/Preview Content\"";
				ENABLE_PREVIEWS = YES;
				GENERATE_INFOPLIST_FILE = NO;
				INFOPLIST_FILE = desktop/macos/Info.plist;
				INFOPLIST_KEY_NSHumanReadableCopyright = "";
				LD_RUNPATH_SEARCH_PATHS = (
					"$(inherited)",
					"@executable_path/../Frameworks",
				);
				MARKETING_VERSION = 1.0.27;
				PRODUCT_BUNDLE_IDENTIFIER = xyz.itsverso.app;
				PRODUCT_NAME = "$(TARGET_NAME)";
				SWIFT_EMIT_LOC_STRINGS = YES;
				SWIFT_VERSION = 5.0;
				VERSO_DEFAULT_RUNTIME_MODE = local;
				VERSO_MANAGED_BACKEND_URL = "https://verso-backend-2lg3.onrender.com";
				VERSO_SENTRY_DSN = "https://1bd0670957f6aadd9420cc8994242648@o4511489974468608.ingest.de.sentry.io/4511489980039248";
				VERSO_SPARKLE_FEED_URL = "https://www.itsverso.xyz/appcast.xml";
				VERSO_SPARKLE_PUBLIC_ED_KEY = "GpEYWMJ6pQkdx7GsHJLM4YZGsqcLik5BX0jhqm1yJuc=";
			};
			name = Debug;
		};
		A100000A0000000000000004 /* Release */ = {
			isa = XCBuildConfiguration;
			buildSettings = {
				ASSETCATALOG_COMPILER_APPICON_NAME = AppIcon;
				ASSETCATALOG_COMPILER_GLOBAL_ACCENT_COLOR_NAME = AccentColor;
				CODE_SIGN_ENTITLEMENTS = desktop/macos/verso.entitlements;
				CODE_SIGN_IDENTITY = "Developer ID Application";
				CODE_SIGN_STYLE = Manual;
				COMBINE_HIDPI_IMAGES = YES;
				CURRENT_PROJECT_VERSION = 28;
				DEVELOPMENT_ASSET_PATHS = "\"desktop/macos/Preview Content\"";
				DEVELOPMENT_TEAM = 2T2JL5F698;
				ENABLE_HARDENED_RUNTIME = YES;
				ENABLE_PREVIEWS = YES;
				GENERATE_INFOPLIST_FILE = NO;
				INFOPLIST_FILE = desktop/macos/Info.plist;
				INFOPLIST_KEY_NSHumanReadableCopyright = "";
				LD_RUNPATH_SEARCH_PATHS = (
					"$(inherited)",
					"@executable_path/../Frameworks",
				);
				MARKETING_VERSION = 1.0.27;
				OTHER_CODE_SIGN_FLAGS = "--timestamp";
				PRODUCT_BUNDLE_IDENTIFIER = xyz.itsverso.app;
				PRODUCT_NAME = "$(TARGET_NAME)";
				SWIFT_EMIT_LOC_STRINGS = YES;
				SWIFT_VERSION = 5.0;
				VERSO_DEFAULT_RUNTIME_MODE = local;
				VERSO_MANAGED_BACKEND_URL = "https://verso-backend-2lg3.onrender.com";
				VERSO_SENTRY_DSN = "https://1bd0670957f6aadd9420cc8994242648@o4511489974468608.ingest.de.sentry.io/4511489980039248";
				VERSO_SPARKLE_FEED_URL = "https://www.itsverso.xyz/appcast.xml";
				VERSO_SPARKLE_PUBLIC_ED_KEY = "GpEYWMJ6pQkdx7GsHJLM4YZGsqcLik5BX0jhqm1yJuc=";
			};
			name = Release;
		};
		B100000A0000000000000001 /* Debug */ = {
			isa = XCBuildConfiguration;
			buildSettings = {
				CODE_SIGN_STYLE = Automatic;
				GENERATE_INFOPLIST_FILE = YES;
				MACOSX_DEPLOYMENT_TARGET = 14.0;
				PRODUCT_BUNDLE_IDENTIFIER = xyz.itsverso.app.tests;
				PRODUCT_NAME = "$(TARGET_NAME)";
				SWIFT_VERSION = 5.0;
			};
			name = Debug;
		};
		B100000A0000000000000002 /* Release */ = {
			isa = XCBuildConfiguration;
			buildSettings = {
				CODE_SIGN_STYLE = Automatic;
				GENERATE_INFOPLIST_FILE = YES;
				MACOSX_DEPLOYMENT_TARGET = 14.0;
				PRODUCT_BUNDLE_IDENTIFIER = xyz.itsverso.app.tests;
				PRODUCT_NAME = "$(TARGET_NAME)";
				SWIFT_VERSION = 5.0;
			};
			name = Release;
		};
/* End XCBuildConfiguration section */

/* Begin XCConfigurationList section */
		A10000080000000000000001 /* Build configuration list for PBXNativeTarget "verso" */ = {
			isa = XCConfigurationList;
			buildConfigurations = (
				A100000A0000000000000003 /* Debug */,
				A100000A0000000000000004 /* Release */,
			);
			defaultConfigurationIsVisible = 0;
			defaultConfigurationName = Release;
		};
		A10000080000000000000002 /* Build configuration list for PBXProject "verso" */ = {
			isa = XCConfigurationList;
			buildConfigurations = (
				A100000A0000000000000001 /* Debug */,
				A100000A0000000000000002 /* Release */,
			);
			defaultConfigurationIsVisible = 0;
			defaultConfigurationName = Release;
		};
		B10000080000000000000001 /* Build configuration list for PBXNativeTarget "versoTests" */ = {
			isa = XCConfigurationList;
			buildConfigurations = (
				B100000A0000000000000001 /* Debug */,
				B100000A0000000000000002 /* Release */,
			);
			defaultConfigurationIsVisible = 0;
			defaultConfigurationName = Release;
		};
/* End XCConfigurationList section */

/* Begin XCRemoteSwiftPackageReference section */
		5D5F57742FCDA85400F950C8 /* XCRemoteSwiftPackageReference "sentry-cocoa" */ = {
			isa = XCRemoteSwiftPackageReference;
			repositoryURL = "https://github.com/getsentry/sentry-cocoa.git";
			requirement = {
				kind = upToNextMajorVersion;
				minimumVersion = 9.15.0;
			};
		};
		5D76BBBD2FB9BF9400132604 /* XCRemoteSwiftPackageReference "Sparkle" */ = {
			isa = XCRemoteSwiftPackageReference;
			repositoryURL = "https://github.com/sparkle-project/Sparkle";
			requirement = {
				kind = upToNextMajorVersion;
				minimumVersion = 2.6.0;
			};
		};
/* End XCRemoteSwiftPackageReference section */

/* Begin XCSwiftPackageProductDependency section */
		5D5F57762FCDA93800F950C8 /* Sentry */ = {
			isa = XCSwiftPackageProductDependency;
			package = 5D5F57742FCDA85400F950C8 /* XCRemoteSwiftPackageReference "sentry-cocoa" */;
			productName = Sentry;
		};
		5D76BBBE2FB9BF9400132604 /* Sparkle */ = {
			isa = XCSwiftPackageProductDependency;
			package = 5D76BBBD2FB9BF9400132604 /* XCRemoteSwiftPackageReference "Sparkle" */;
			productName = Sparkle;
		};
/* End XCSwiftPackageProductDependency section */
	};
	rootObject = A10000090000000000000001 /* Project object */;
}
